
Microsoft Visual Studio Solution File, Format Version 12.00
# Visual Studio Version 16
VisualStudioVersion = 16.0.30907.101
MinimumVisualStudioVersion = 10.0.40219.1
Project("{8BC9CEB8-8B4A-11D0-8D11-00A0C91BC942}") = "Task1_1", "Task1.vcxproj", "{77DD86BD-2DC1-4259-B7F9-74668335EB8F}"
EndProject
Project("{8BC9CEB8-8B4A-11D0-8D11-00A0C91BC942}") = "Task1_2", "..\Task1_2\Task1_2.vcxproj", "{42BEBB96-1682-49A9-B6A0-952FF178CB5E}"
EndProject
Project("{8BC9CEB8-8B4A-11D0-8D11-00A0C91BC942}") = "Task1_3", "..\Task1_3\Task1_3.vcxproj", "{0917536E-EB21-40EE-8BBA-AAC6C6DA1B08}"
EndProject
Project("{8BC9CEB8-8B4A-11D0-8D11-00A0C91BC942}") = "Task2_1", "..\Task2_1\Task2_1.vcxproj", "{D6F942F6-2CFE-4091-A45A-F7969B209D8A}"
EndProject
Project("{8BC9CEB8-8B4A-11D0-8D11-00A0C91BC942}") = "Task2_2", "..\Task2_2\Task2_2.vcxproj", "{54646BD8-8AEE-4FC5-8D41-334491FA8883}"
EndProject
Project("{8BC9CEB8-8B4A-11D0-8D11-00A0C91BC942}") = "Task2_3", "..\Task2_3\Task2_3.vcxproj", "{BE67071B-F6F7-4EBB-9389-9D27CC0D4B61}"
EndProject
Project("{8BC9CEB8-8B4A-11D0-8D11-00A0C91BC942}") = "Task3_1", "..\Task3_1\Task3_1.vcxproj", "{C7C3D4D6-B147-4C20-B046-0E0817B48C49}"
EndProject
Project("{8BC9CEB8-8B4A-11D0-8D11-00A0C91BC942}") = "Task3_2", "..\Task3_2\Task3_2.vcxproj", "{6898C9AD-D1D0-4F41-9730-85F84499A0C4}"
EndProject
Project("{8BC9CEB8-8B4A-11D0-8D11-00A0C91BC942}") = "Task3_3", "..\Task3_3\Task3_3.vcxproj", "{A50DB0B4-93DD-4BF7-B9A2-9BE3C0D02293}"
EndProject
Project("{8BC9CEB8-8B4A-11D0-8D11-00A0C91BC942}") = "Task4_1", "..\Task4_1\Task4_1.vcxproj", "{0394A55F-B435-430D-8705-E6F6F47569B9}"
EndProject
Project("{8BC9CEB8-8B4A-11D0-8D11-00A0C91BC942}") = "Task4_2", "..\Task4_2\Task4_2.vcxproj", "{29E2B405-0C00-4E73-B6F3-001957D08983}"
EndProject
Project("{8BC9CEB8-8B4A-11D0-8D11-00A0C91BC942}") = "Task4_3", "..\Task4_3\Task4_3.vcxproj", "{A16823C8-F2BC-41FE-93E1-3A783C33D210}"
EndProject
Project("{8BC9CEB8-8B4A-11D0-8D11-00A0C91BC942}") = "Task5_1", "..\Task5_1\Task5_1.vcxproj", "{BC8FD6A1-E7A2-434D-A003-CC44EC160801}"
EndProject
Project("{8BC9CEB8-8B4A-11D0-8D11-00A0C91BC942}") = "Task5_2", "..\Task5_2\Task5_2.vcxproj", "{83C583A6-3707-4C81-80C1-3CDF3FC29AA5}"
EndProject
Project("{8BC9CEB8-8B4A-11D0-8D11-00A0C91BC942}") = "Task5_3", "..\Task5_3\Task5_3.vcxproj", "{94B225CB-0699-47CE-AEFA-06910B299807}"
EndProject
Project("{8BC9CEB8-8B4A-11D0-8D11-00A0C91BC942}") = "Task6", "..\Task6\Task6.vcxproj", "{5A47CD9B-2066-4702-BE67-1A2DB6D7093E}"
EndProject
Project("{8BC9CEB8-8B4A-11D0-8D11-00A0C91BC942}") = "Task6_2", "..\Task6_2\Task6_2.vcxproj", "{117B2D55-34BE-412B-A310-D46CE1094823}"
EndProject
Project("{8BC9CEB8-8B4A-11D0-8D11-00A0C91BC942}") = "Task6_3", "..\Task6_3\Task6_3.vcxproj", "{1A036B1C-5175-4830-AA19-A3231F475094}"
EndProject
Global
	GlobalSection(SolutionConfigurationPlatforms) = preSolution
		Debug|x64 = Debug|x64
		Debug|x86 = Debug|x86
		Release|x64 = Release|x64
		Release|x86 = Release|x86
	EndGlobalSection
	GlobalSection(ProjectConfigurationPlatforms) = postSolution
		{77DD86BD-2DC1-4259-B7F9-74668335EB8F}.Debug|x64.ActiveCfg = Debug|x64
		{77DD86BD-2DC1-4259-B7F9-74668335EB8F}.Debug|x64.Build.0 = Debug|x64
		{77DD86BD-2DC1-4259-B7F9-74668335EB8F}.Debug|x86.ActiveCfg = Debug|Win32
		{77DD86BD-2DC1-4259-B7F9-74668335EB8F}.Debug|x86.Build.0 = Debug|Win32
		{77DD86BD-2DC1-4259-B7F9-74668335EB8F}.Release|x64.ActiveCfg = Release|x64
		{77DD86BD-2DC1-4259-B7F9-74668335EB8F}.Release|x64.Build.0 = Release|x64
		{77DD86BD-2DC1-4259-B7F9-74668335EB8F}.Release|x86.ActiveCfg = Release|Win32
		{77DD86BD-2DC1-4259-B7F9-74668335EB8F}.Release|x86.Build.0 = Release|Win32
		{42BEBB96-1682-49A9-B6A0-952FF178CB5E}.Debug|x64.ActiveCfg = Debug|x64
		{42BEBB96-1682-49A9-B6A0-952FF178CB5E}.Debug|x64.Build.0 = Debug|x64
		{42BEBB96-1682-49A9-B6A0-952FF178CB5E}.Debug|x86.ActiveCfg = Debug|Win32
		{42BEBB96-1682-49A9-B6A0-952FF178CB5E}.Debug|x86.Build.0 = Debug|Win32
		{42BEBB96-1682-49A9-B6A0-952FF178CB5E}.Release|x64.ActiveCfg = Release|x64
		{42BEBB96-1682-49A9-B6A0-952FF178CB5E}.Release|x64.Build.0 = Release|x64
		{42BEBB96-1682-49A9-B6A0-952FF178CB5E}.Release|x86.ActiveCfg = Release|Win32
		{42BEBB96-1682-49A9-B6A0-952FF178CB5E}.Release|x86.Build.0 = Release|Win32
		{0917536E-EB21-40EE-8BBA-AAC6C6DA1B08}.Debug|x64.ActiveCfg = Debug|x64
		{0917536E-EB21-40EE-8BBA-AAC6C6DA1B08}.Debug|x64.Build.0 = Debug|x64
		{0917536E-EB21-40EE-8BBA-AAC6C6DA1B08}.Debug|x86.ActiveCfg = Debug|Win32
		{0917536E-EB21-40EE-8BBA-AAC6C6DA1B08}.Debug|x86.Build.0 = Debug|Win32
		{0917536E-EB21-40EE-8BBA-AAC6C6DA1B08}.Release|x64.ActiveCfg = Release|x64
		{0917536E-EB21-40EE-8BBA-AAC6C6DA1B08}.Release|x64.Build.0 = Release|x64
		{0917536E-EB21-40EE-8BBA-AAC6C6DA1B08}.Release|x86.ActiveCfg = Release|Win32
		{0917536E-EB21-40EE-8BBA-AAC6C6DA1B08}.Release|x86.Build.0 = Release|Win32
		{D6F942F6-2CFE-4091-A45A-F7969B209D8A}.Debug|x64.ActiveCfg = Debug|x64
		{D6F942F6-2CFE-4091-A45A-F7969B209D8A}.Debug|x64.Build.0 = Debug|x64
		{D6F942F6-2CFE-4091-A45A-F7969B209D8A}.Debug|x86.ActiveCfg = Debug|Win32
		{D6F942F6-2CFE-4091-A45A-F7969B209D8A}.Debug|x86.Build.0 = Debug|Win32
		{D6F942F6-2CFE-4091-A45A-F7969B209D8A}.Release|x64.ActiveCfg = Release|x64
		{D6F942F6-2CFE-4091-A45A-F7969B209D8A}.Release|x64.Build.0 = Release|x64
		{D6F942F6-2CFE-4091-A45A-F7969B209D8A}.Release|x86.ActiveCfg = Release|Win32
		{D6F942F6-2CFE-4091-A45A-F7969B209D8A}.Release|x86.Build.0 = Release|Win32
		{54646BD8-8AEE-4FC5-8D41-334491FA8883}.Debug|x64.ActiveCfg = Debug|x64
		{54646BD8-8AEE-4FC5-8D41-334491FA8883}.Debug|x64.Build.0 = Debug|x64
		{54646BD8-8AEE-4FC5-8D41-334491FA8883}.Debug|x86.ActiveCfg = Debug|Win32
		{54646BD8-8AEE-4FC5-8D41-334491FA8883}.Debug|x86.Build.0 = Debug|Win32
		{54646BD8-8AEE-4FC5-8D41-334491FA8883}.Release|x64.ActiveCfg = Release|x64
		{54646BD8-8AEE-4FC5-8D41-334491FA8883}.Release|x64.Build.0 = Release|x64
		{54646BD8-8AEE-4FC5-8D41-334491FA8883}.Release|x86.ActiveCfg = Release|Win32
		{54646BD8-8AEE-4FC5-8D41-334491FA8883}.Release|x86.Build.0 = Release|Win32
		{BE67071B-F6F7-4EBB-9389-9D27CC0D4B61}.Debug|x64.ActiveCfg = Debug|x64
		{BE67071B-F6F7-4EBB-9389-9D27CC0D4B61}.Debug|x64.Build.0 = Debug|x64
		{BE67071B-F6F7-4EBB-9389-9D27CC0D4B61}.Debug|x86.ActiveCfg = Debug|Win32
		{BE67071B-F6F7-4EBB-9389-9D27CC0D4B61}.Debug|x86.Build.0 = Debug|Win32
		{BE67071B-F6F7-4EBB-9389-9D27CC0D4B61}.Release|x64.ActiveCfg = Release|x64
		{BE67071B-F6F7-4EBB-9389-9D27CC0D4B61}.Release|x64.Build.0 = Release|x64
		{BE67071B-F6F7-4EBB-9389-9D27CC0D4B61}.Release|x86.ActiveCfg = Release|Win32
		{BE67071B-F6F7-4EBB-9389-9D27CC0D4B61}.Release|x86.Build.0 = Release|Win32
		{C7C3D4D6-B147-4C20-B046-0E0817B48C49}.Debug|x64.ActiveCfg = Debug|x64
		{C7C3D4D6-B147-4C20-B046-0E0817B48C49}.Debug|x64.Build.0 = Debug|x64
		{C7C3D4D6-B147-4C20-B046-0E0817B48C49}.Debug|x86.ActiveCfg = Debug|Win32
		{C7C3D4D6-B147-4C20-B046-0E0817B48C49}.Debug|x86.Build.0 = Debug|Win32
		{C7C3D4D6-B147-4C20-B046-0E0817B48C49}.Release|x64.ActiveCfg = Release|x64
		{C7C3D4D6-B147-4C20-B046-0E0817B48C49}.Release|x64.Build.0 = Release|x64
		{C7C3D4D6-B147-4C20-B046-0E0817B48C49}.Release|x86.ActiveCfg = Release|Win32
		{C7C3D4D6-B147-4C20-B046-0E0817B48C49}.Release|x86.Build.0 = Release|Win32
		{6898C9AD-D1D0-4F41-9730-85F84499A0C4}.Debug|x64.ActiveCfg = Debug|x64
		{6898C9AD-D1D0-4F41-9730-85F84499A0C4}.Debug|x64.Build.0 = Debug|x64
		{6898C9AD-D1D0-4F41-9730-85F84499A0C4}.Debug|x86.ActiveCfg = Debug|Win32
		{6898C9AD-D1D0-4F41-9730-85F84499A0C4}.Debug|x86.Build.0 = Debug|Win32
		{6898C9AD-D1D0-4F41-9730-85F84499A0C4}.Release|x64.ActiveCfg = Release|x64
		{6898C9AD-D1D0-4F41-9730-85F84499A0C4}.Release|x64.Build.0 = Release|x64
		{6898C9AD-D1D0-4F41-9730-85F84499A0C4}.Release|x86.ActiveCfg = Release|Win32
		{6898C9AD-D1D0-4F41-9730-85F84499A0C4}.Release|x86.Build.0 = Release|Win32
		{A50DB0B4-93DD-4BF7-B9A2-9BE3C0D02293}.Debug|x64.ActiveCfg = Debug|x64
		{A50DB0B4-93DD-4BF7-B9A2-9BE3C0D02293}.Debug|x64.Build.0 = Debug|x64
		{A50DB0B4-93DD-4BF7-B9A2-9BE3C0D02293}.Debug|x86.ActiveCfg = Debug|Win32
		{A50DB0B4-93DD-4BF7-B9A2-9BE3C0D02293}.Debug|x86.Build.0 = Debug|Win32
		{A50DB0B4-93DD-4BF7-B9A2-9BE3C0D02293}.Release|x64.ActiveCfg = Release|x64
		{A50DB0B4-93DD-4BF7-B9A2-9BE3C0D02293}.Release|x64.Build.0 = Release|x64
		{A50DB0B4-93DD-4BF7-B9A2-9BE3C0D02293}.Release|x86.ActiveCfg = Release|Win32
		{A50DB0B4-93DD-4BF7-B9A2-9BE3C0D02293}.Release|x86.Build.0 = Release|Win32
		{0394A55F-B435-430D-8705-E6F6F47569B9}.Debug|x64.ActiveCfg = Debug|x64
		{0394A55F-B435-430D-8705-E6F6F47569B9}.Debug|x64.Build.0 = Debug|x64
		{0394A55F-B435-430D-8705-E6F6F47569B9}.Debug|x86.ActiveCfg = Debug|Win32
		{0394A55F-B435-430D-8705-E6F6F47569B9}.Debug|x86.Build.0 = Debug|Win32
		{0394A55F-B435-430D-8705-E6F6F47569B9}.Release|x64.ActiveCfg = Release|x64
		{0394A55F-B435-430D-8705-E6F6F47569B9}.Release|x64.Build.0 = Release|x64
		{0394A55F-B435-430D-8705-E6F6F47569B9}.Release|x86.ActiveCfg = Release|Win32
		{0394A55F-B435-430D-8705-E6F6F47569B9}.Release|x86.Build.0 = Release|Win32
		{29E2B405-0C00-4E73-B6F3-001957D08983}.Debug|x64.ActiveCfg = Debug|x64
		{29E2B405-0C00-4E73-B6F3-001957D08983}.Debug|x64.Build.0 = Debug|x64
		{29E2B405-0C00-4E73-B6F3-001957D08983}.Debug|x86.ActiveCfg = Debug|Win32
		{29E2B405-0C00-4E73-B6F3-001957D08983}.Debug|x86.Build.0 = Debug|Win32
		{29E2B405-0C00-4E73-B6F3-001957D08983}.Release|x64.ActiveCfg = Release|x64
		{29E2B405-0C00-4E73-B6F3-001957D08983}.Release|x64.Build.0 = Release|x64
		{29E2B405-0C00-4E73-B6F3-001957D08983}.Release|x86.ActiveCfg = Release|Win32
		{29E2B405-0C00-4E73-B6F3-001957D08983}.Release|x86.Build.0 = Release|Win32
		{A16823C8-F2BC-41FE-93E1-3A783C33D210}.Debug|x64.ActiveCfg = Debug|x64
		{A16823C8-F2BC-41FE-93E1-3A783C33D210}.Debug|x64.Build.0 = Debug|x64
		{A16823C8-F2BC-41FE-93E1-3A783C33D210}.Debug|x86.ActiveCfg = Debug|Win32
		{A16823C8-F2BC-41FE-93E1-3A783C33D210}.Debug|x86.Build.0 = Debug|Win32
		{A16823C8-F2BC-41FE-93E1-3A783C33D210}.Release|x64.ActiveCfg = Release|x64
		{A16823C8-F2BC-41FE-93E1-3A783C33D210}.Release|x64.Build.0 = Release|x64
		{A16823C8-F2BC-41FE-93E1-3A783C33D210}.Release|x86.ActiveCfg = Release|Win32
		{A16823C8-F2BC-41FE-93E1-3A783C33D210}.Release|x86.Build.0 = Release|Win32
		{BC8FD6A1-E7A2-434D-A003-CC44EC160801}.Debug|x64.ActiveCfg = Debug|x64
		{BC8FD6A1-E7A2-434D-A003-CC44EC160801}.Debug|x64.Build.0 = Debug|x64
		{BC8FD6A1-E7A2-434D-A003-CC44EC160801}.Debug|x86.ActiveCfg = Debug|Win32
		{BC8FD6A1-E7A2-434D-A003-CC44EC160801}.Debug|x86.Build.0 = Debug|Win32
		{BC8FD6A1-E7A2-434D-A003-CC44EC160801}.Release|x64.ActiveCfg = Release|x64
		{BC8FD6A1-E7A2-434D-A003-CC44EC160801}.Release|x64.Build.0 = Release|x64
		{BC8FD6A1-E7A2-434D-A003-CC44EC160801}.Release|x86.ActiveCfg = Release|Win32
		{BC8FD6A1-E7A2-434D-A003-CC44EC160801}.Release|x86.Build.0 = Release|Win32
		{83C583A6-3707-4C81-80C1-3CDF3FC29AA5}.Debug|x64.ActiveCfg = Debug|x64
		{83C583A6-3707-4C81-80C1-3CDF3FC29AA5}.Debug|x64.Build.0 = Debug|x64
		{83C583A6-3707-4C81-80C1-3CDF3FC29AA5}.Debug|x86.ActiveCfg = Debug|Win32
		{83C583A6-3707-4C81-80C1-3CDF3FC29AA5}.Debug|x86.Build.0 = Debug|Win32
		{83C583A6-3707-4C81-80C1-3CDF3FC29AA5}.Release|x64.ActiveCfg = Release|x64
		{83C583A6-3707-4C81-80C1-3CDF3FC29AA5}.Release|x64.Build.0 = Release|x64
		{83C583A6-3707-4C81-80C1-3CDF3FC29AA5}.Release|x86.ActiveCfg = Release|Win32
		{83C583A6-3707-4C81-80C1-3CDF3FC29AA5}.Release|x86.Build.0 = Release|Win32
		{94B225CB-0699-47CE-AEFA-06910B299807}.Debug|x64.ActiveCfg = Debug|x64
		{94B225CB-0699-47CE-AEFA-06910B299807}.Debug|x64.Build.0 = Debug|x64
		{94B225CB-0699-47CE-AEFA-06910B299807}.Debug|x86.ActiveCfg = Debug|Win32
		{94B225CB-0699-47CE-AEFA-06910B299807}.Debug|x86.Build.0 = Debug|Win32
		{94B225CB-0699-47CE-AEFA-06910B299807}.Release|x64.ActiveCfg = Release|x64
		{94B225CB-0699-47CE-AEFA-06910B299807}.Release|x64.Build.0 = Release|x64
		{94B225CB-0699-47CE-AEFA-06910B299807}.Release|x86.ActiveCfg = Release|Win32
		{94B225CB-0699-47CE-AEFA-06910B299807}.Release|x86.Build.0 = Release|Win32
		{5A47CD9B-2066-4702-BE67-1A2DB6D7093E}.Debug|x64.ActiveCfg = Debug|x64
		{5A47CD9B-2066-4702-BE67-1A2DB6D7093E}.Debug|x64.Build.0 = Debug|x64
		{5A47CD9B-2066-4702-BE67-1A2DB6D7093E}.Debug|x86.ActiveCfg = Debug|Win32
		{5A47CD9B-2066-4702-BE67-1A2DB6D7093E}.Debug|x86.Build.0 = Debug|Win32
		{5A47CD9B-2066-4702-BE67-1A2DB6D7093E}.Release|x64.ActiveCfg = Release|x64
		{5A47CD9B-2066-4702-BE67-1A2DB6D7093E}.Release|x64.Build.0 = Release|x64
		{5A47CD9B-2066-4702-BE67-1A2DB6D7093E}.Release|x86.ActiveCfg = Release|Win32
		{5A47CD9B-2066-4702-BE67-1A2DB6D7093E}.Release|x86.Build.0 = Release|Win32
		{117B2D55-34BE-412B-A310-D46CE1094823}.Debug|x64.ActiveCfg = Debug|x64
		{117B2D55-34BE-412B-A310-D46CE1094823}.Debug|x64.Build.0 = Debug|x64
		{117B2D55-34BE-412B-A310-D46CE1094823}.Debug|x86.ActiveCfg = Debug|Win32
		{117B2D55-34BE-412B-A310-D46CE1094823}.Debug|x86.Build.0 = Debug|Win32
		{117B2D55-34BE-412B-A310-D46CE1094823}.Release|x64.ActiveCfg = Release|x64
		{117B2D55-34BE-412B-A310-D46CE1094823}.Release|x64.Build.0 = Release|x64
		{117B2D55-34BE-412B-A310-D46CE1094823}.Release|x86.ActiveCfg = Release|Win32
		{117B2D55-34BE-412B-A310-D46CE1094823}.Release|x86.Build.0 = Release|Win32
		{1A036B1C-5175-4830-AA19-A3231F475094}.Debug|x64.ActiveCfg = Debug|x64
		{1A036B1C-5175-4830-AA19-A3231F475094}.Debug|x64.Build.0 = Debug|x64
		{1A036B1C-5175-4830-AA19-A3231F475094}.Debug|x86.ActiveCfg = Debug|Win32
		{1A036B1C-5175-4830-AA19-A3231F475094}.Debug|x86.Build.0 = Debug|Win32
		{1A036B1C-5175-4830-AA19-A3231F475094}.Release|x64.ActiveCfg = Release|x64
		{1A036B1C-5175-4830-AA19-A3231F475094}.Release|x64.Build.0 = Release|x64
		{1A036B1C-5175-4830-AA19-A3231F475094}.Release|x86.ActiveCfg = Release|Win32
		{1A036B1C-5175-4830-AA19-A3231F475094}.Release|x86.Build.0 = Release|Win32
	EndGlobalSection
	GlobalSection(SolutionProperties) = preSolution
		HideSolutionNode = FALSE
	EndGlobalSection
	GlobalSection(ExtensibilityGlobals) = postSolution
		SolutionGuid = {6B470F07-8A15-492F-B20A-56940BD2C1AE}
	EndGlobalSection
EndGlobal
