
Microsoft Visual Studio Solution File, Format Version 12.00
# Visual Studio Version 16
VisualStudioVersion = 16.0.30011.22
MinimumVisualStudioVersion = 10.0.40219.1
Project("{8BC9CEB8-8B4A-11D0-8D11-00A0C91BC942}") = "Task1", "Task1.vcxproj", "{3937FADE-5A11-4A40-8748-6FD5A9712772}"
EndProject
Project("{8BC9CEB8-8B4A-11D0-8D11-00A0C91BC942}") = "Task2", "..\Task2\Task2.vcxproj", "{121F8DE5-134C-4090-A4B3-7D48611407B0}"
EndProject
Project("{8BC9CEB8-8B4A-11D0-8D11-00A0C91BC942}") = "Task3", "..\Task3\Task3.vcxproj", "{10273281-4963-405E-9081-EE8630B0E83B}"
EndProject
Project("{8BC9CEB8-8B4A-11D0-8D11-00A0C91BC942}") = "Task4", "..\Task4\Task4.vcxproj", "{FBBA5D75-0E96-4896-AFDF-455A004FA37A}"
EndProject
Project("{8BC9CEB8-8B4A-11D0-8D11-00A0C91BC942}") = "Task5_main", "..\Task5_main\Task5_main.vcxproj", "{71B3E946-B3A0-4BFF-B10C-E16D3E9C55D8}"
EndProject
Project("{8BC9CEB8-8B4A-11D0-8D11-00A0C91BC942}") = "Task6", "..\Task6\Task6.vcxproj", "{4F05E608-90ED-4D5C-AD37-247F8F91F27C}"
EndProject
Project("{8BC9CEB8-8B4A-11D0-8D11-00A0C91BC942}") = "Task7", "..\Task7\Task7.vcxproj", "{B49A2109-A8CA-467D-A434-8463382263C9}"
EndProject
Project("{8BC9CEB8-8B4A-11D0-8D11-00A0C91BC942}") = "Task8_lib", "..\Task8_lib\Task8_lib.vcxproj", "{F29D0478-B9E1-481A-800B-30F677FDCFFC}"
EndProject
Project("{8BC9CEB8-8B4A-11D0-8D11-00A0C91BC942}") = "Task8", "..\Task8\Task8.vcxproj", "{71948EE3-AD94-4137-88C1-69A1578DDDE0}"
EndProject
Global
	GlobalSection(SolutionConfigurationPlatforms) = preSolution
		Debug|x64 = Debug|x64
		Debug|x86 = Debug|x86
		Release|x64 = Release|x64
		Release|x86 = Release|x86
	EndGlobalSection
	GlobalSection(ProjectConfigurationPlatforms) = postSolution
		{3937FADE-5A11-4A40-8748-6FD5A9712772}.Debug|x64.ActiveCfg = Debug|x64
		{3937FADE-5A11-4A40-8748-6FD5A9712772}.Debug|x64.Build.0 = Debug|x64
		{3937FADE-5A11-4A40-8748-6FD5A9712772}.Debug|x86.ActiveCfg = Debug|Win32
		{3937FADE-5A11-4A40-8748-6FD5A9712772}.Debug|x86.Build.0 = Debug|Win32
		{3937FADE-5A11-4A40-8748-6FD5A9712772}.Release|x64.ActiveCfg = Release|x64
		{3937FADE-5A11-4A40-8748-6FD5A9712772}.Release|x64.Build.0 = Release|x64
		{3937FADE-5A11-4A40-8748-6FD5A9712772}.Release|x86.ActiveCfg = Release|Win32
		{3937FADE-5A11-4A40-8748-6FD5A9712772}.Release|x86.Build.0 = Release|Win32
		{121F8DE5-134C-4090-A4B3-7D48611407B0}.Debug|x64.ActiveCfg = Debug|x64
		{121F8DE5-134C-4090-A4B3-7D48611407B0}.Debug|x64.Build.0 = Debug|x64
		{121F8DE5-134C-4090-A4B3-7D48611407B0}.Debug|x86.ActiveCfg = Debug|Win32
		{121F8DE5-134C-4090-A4B3-7D48611407B0}.Debug|x86.Build.0 = Debug|Win32
		{121F8DE5-134C-4090-A4B3-7D48611407B0}.Release|x64.ActiveCfg = Release|x64
		{121F8DE5-134C-4090-A4B3-7D48611407B0}.Release|x64.Build.0 = Release|x64
		{121F8DE5-134C-4090-A4B3-7D48611407B0}.Release|x86.ActiveCfg = Release|Win32
		{121F8DE5-134C-4090-A4B3-7D48611407B0}.Release|x86.Build.0 = Release|Win32
		{10273281-4963-405E-9081-EE8630B0E83B}.Debug|x64.ActiveCfg = Debug|x64
		{10273281-4963-405E-9081-EE8630B0E83B}.Debug|x64.Build.0 = Debug|x64
		{10273281-4963-405E-9081-EE8630B0E83B}.Debug|x86.ActiveCfg = Debug|Win32
		{10273281-4963-405E-9081-EE8630B0E83B}.Debug|x86.Build.0 = Debug|Win32
		{10273281-4963-405E-9081-EE8630B0E83B}.Release|x64.ActiveCfg = Release|x64
		{10273281-4963-405E-9081-EE8630B0E83B}.Release|x64.Build.0 = Release|x64
		{10273281-4963-405E-9081-EE8630B0E83B}.Release|x86.ActiveCfg = Release|Win32
		{10273281-4963-405E-9081-EE8630B0E83B}.Release|x86.Build.0 = Release|Win32
		{FBBA5D75-0E96-4896-AFDF-455A004FA37A}.Debug|x64.ActiveCfg = Debug|x64
		{FBBA5D75-0E96-4896-AFDF-455A004FA37A}.Debug|x64.Build.0 = Debug|x64
		{FBBA5D75-0E96-4896-AFDF-455A004FA37A}.Debug|x86.ActiveCfg = Debug|Win32
		{FBBA5D75-0E96-4896-AFDF-455A004FA37A}.Debug|x86.Build.0 = Debug|Win32
		{FBBA5D75-0E96-4896-AFDF-455A004FA37A}.Release|x64.ActiveCfg = Release|x64
		{FBBA5D75-0E96-4896-AFDF-455A004FA37A}.Release|x64.Build.0 = Release|x64
		{FBBA5D75-0E96-4896-AFDF-455A004FA37A}.Release|x86.ActiveCfg = Release|Win32
		{FBBA5D75-0E96-4896-AFDF-455A004FA37A}.Release|x86.Build.0 = Release|Win32
		{71B3E946-B3A0-4BFF-B10C-E16D3E9C55D8}.Debug|x64.ActiveCfg = Debug|x64
		{71B3E946-B3A0-4BFF-B10C-E16D3E9C55D8}.Debug|x64.Build.0 = Debug|x64
		{71B3E946-B3A0-4BFF-B10C-E16D3E9C55D8}.Debug|x86.ActiveCfg = Debug|Win32
		{71B3E946-B3A0-4BFF-B10C-E16D3E9C55D8}.Debug|x86.Build.0 = Debug|Win32
		{71B3E946-B3A0-4BFF-B10C-E16D3E9C55D8}.Release|x64.ActiveCfg = Release|x64
		{71B3E946-B3A0-4BFF-B10C-E16D3E9C55D8}.Release|x64.Build.0 = Release|x64
		{71B3E946-B3A0-4BFF-B10C-E16D3E9C55D8}.Release|x86.ActiveCfg = Release|Win32
		{71B3E946-B3A0-4BFF-B10C-E16D3E9C55D8}.Release|x86.Build.0 = Release|Win32
		{4F05E608-90ED-4D5C-AD37-247F8F91F27C}.Debug|x64.ActiveCfg = Debug|x64
		{4F05E608-90ED-4D5C-AD37-247F8F91F27C}.Debug|x64.Build.0 = Debug|x64
		{4F05E608-90ED-4D5C-AD37-247F8F91F27C}.Debug|x86.ActiveCfg = Debug|Win32
		{4F05E608-90ED-4D5C-AD37-247F8F91F27C}.Debug|x86.Build.0 = Debug|Win32
		{4F05E608-90ED-4D5C-AD37-247F8F91F27C}.Release|x64.ActiveCfg = Release|x64
		{4F05E608-90ED-4D5C-AD37-247F8F91F27C}.Release|x64.Build.0 = Release|x64
		{4F05E608-90ED-4D5C-AD37-247F8F91F27C}.Release|x86.ActiveCfg = Release|Win32
		{4F05E608-90ED-4D5C-AD37-247F8F91F27C}.Release|x86.Build.0 = Release|Win32
		{B49A2109-A8CA-467D-A434-8463382263C9}.Debug|x64.ActiveCfg = Debug|x64
		{B49A2109-A8CA-467D-A434-8463382263C9}.Debug|x64.Build.0 = Debug|x64
		{B49A2109-A8CA-467D-A434-8463382263C9}.Debug|x86.ActiveCfg = Debug|Win32
		{B49A2109-A8CA-467D-A434-8463382263C9}.Debug|x86.Build.0 = Debug|Win32
		{B49A2109-A8CA-467D-A434-8463382263C9}.Release|x64.ActiveCfg = Release|x64
		{B49A2109-A8CA-467D-A434-8463382263C9}.Release|x64.Build.0 = Release|x64
		{B49A2109-A8CA-467D-A434-8463382263C9}.Release|x86.ActiveCfg = Release|Win32
		{B49A2109-A8CA-467D-A434-8463382263C9}.Release|x86.Build.0 = Release|Win32
		{F29D0478-B9E1-481A-800B-30F677FDCFFC}.Debug|x64.ActiveCfg = Debug|x64
		{F29D0478-B9E1-481A-800B-30F677FDCFFC}.Debug|x64.Build.0 = Debug|x64
		{F29D0478-B9E1-481A-800B-30F677FDCFFC}.Debug|x86.ActiveCfg = Debug|Win32
		{F29D0478-B9E1-481A-800B-30F677FDCFFC}.Debug|x86.Build.0 = Debug|Win32
		{F29D0478-B9E1-481A-800B-30F677FDCFFC}.Release|x64.ActiveCfg = Release|x64
		{F29D0478-B9E1-481A-800B-30F677FDCFFC}.Release|x64.Build.0 = Release|x64
		{F29D0478-B9E1-481A-800B-30F677FDCFFC}.Release|x86.ActiveCfg = Release|Win32
		{F29D0478-B9E1-481A-800B-30F677FDCFFC}.Release|x86.Build.0 = Release|Win32
		{71948EE3-AD94-4137-88C1-69A1578DDDE0}.Debug|x64.ActiveCfg = Debug|x64
		{71948EE3-AD94-4137-88C1-69A1578DDDE0}.Debug|x64.Build.0 = Debug|x64
		{71948EE3-AD94-4137-88C1-69A1578DDDE0}.Debug|x86.ActiveCfg = Debug|Win32
		{71948EE3-AD94-4137-88C1-69A1578DDDE0}.Debug|x86.Build.0 = Debug|Win32
		{71948EE3-AD94-4137-88C1-69A1578DDDE0}.Release|x64.ActiveCfg = Release|x64
		{71948EE3-AD94-4137-88C1-69A1578DDDE0}.Release|x64.Build.0 = Release|x64
		{71948EE3-AD94-4137-88C1-69A1578DDDE0}.Release|x86.ActiveCfg = Release|Win32
		{71948EE3-AD94-4137-88C1-69A1578DDDE0}.Release|x86.Build.0 = Release|Win32
	EndGlobalSection
	GlobalSection(SolutionProperties) = preSolution
		HideSolutionNode = FALSE
	EndGlobalSection
	GlobalSection(ExtensibilityGlobals) = postSolution
		SolutionGuid = {A98EF6EB-AE20-4DBE-98CD-9002C0BF91E2}
	EndGlobalSection
EndGlobal
